<?xml version="1.0" encoding="utf-8"?>
<Project ToolsVersion="4.0" xmlns="http://schemas.microsoft.com/developer/msbuild/2003">
  <ItemGroup>
    <Filter Include="Source Files">
      <UniqueIdentifier>{4FC737F1-C7A5-4376-A066-2A32D752A2FF}</UniqueIdentifier>
      <Extensions>cpp;c;cc;cxx;def;odl;idl;hpj;bat;asm;asmx</Extensions>
    </Filter>
    <Filter Include="Header Files">
      <UniqueIdentifier>{93995380-89BD-4b04-88EB-625FBE52EBFB}</UniqueIdentifier>
      <Extensions>h;hh;hpp;hxx;hm;inl;inc;ipp;xsd</Extensions>
    </Filter>
    <Filter Include="Resource Files">
      <UniqueIdentifier>{67DA6AB6-F800-4c08-8B7A-83BB121AAD01}</UniqueIdentifier>
      <Extensions>rc;ico;cur;bmp;dlg;rc2;rct;bin;rgs;gif;jpg;jpeg;jpe;resx;tiff;tif;png;wav;mfcribbon-ms</Extensions>
    </Filter>
  </ItemGroup>
  <ItemGroup>
    <ClCompile Include="main.cpp">
      <Filter>Source Files</Filter>
    </ClCompile>
    <ClCompile Include="MNISTDataLoader.cpp">
      <Filter>Source Files</Filter>
    </ClCompile>
    <ClCompile Include="Tensor.h">
      <Filter>Header Files</Filter>
    </ClCompile>
    <ClCompile Include="Tensor.cpp">
      <Filter>Source Files</Filter>
    </ClCompile>
    <ClCompile Include="Dropout.cpp">
      <Filter>Source Files</Filter>
    </ClCompile>
    <ClCompile Include="Dense.cpp">
      <Filter>Source Files</Filter>
    </ClCompile>
    <ClCompile Include="LinearLRScheduler.cpp">
      <Filter>Source Files</Filter>
    </ClCompile>
    <ClCompile Include="MaxPool.cpp">
      <Filter>Source Files</Filter>
    </ClCompile>
    <ClCompile Include="Relu.cpp">
      <Filter>Source Files</Filter>
    </ClCompile>
    <ClCompile Include="NetworkModel.cpp">
      <Filter>Source Files</Filter>
    </ClCompile>
    <ClCompile Include="Softmax.cpp">
      <Filter>Source Files</Filter>
    </ClCompile>
    <ClCompile Include="Sigmoid.cpp">
      <Filter>Source Files</Filter>
    </ClCompile>
    <ClCompile Include="Tanh.cpp">
      <Filter>Source Files</Filter>
    </ClCompile>
    <ClCompile Include="LeakyRelu.cpp">
      <Filter>Source Files</Filter>
    </ClCompile>
    <ClCompile Include="Utils.cpp">
      <Filter>Source Files</Filter>
    </ClCompile>
    <ClCompile Include="Conv2D.cpp">
      <Filter>Source Files</Filter>
    </ClCompile>
  </ItemGroup>
  <ItemGroup>
    <ClInclude Include="MNISTDataLoader.h">
      <Filter>Header Files</Filter>
    </ClInclude>
    <ClInclude Include="Module.h">
      <Filter>Header Files</Filter>
    </ClInclude>
    <ClInclude Include="Utils.h">
      <Filter>Header Files</Filter>
    </ClInclude>
    <ClInclude Include="Dropout.h">
      <Filter>Header Files</Filter>
    </ClInclude>
    <ClInclude Include="Dense.h">
      <Filter>Header Files</Filter>
    </ClInclude>
    <ClInclude Include="LRScheduler.h">
      <Filter>Header Files</Filter>
    </ClInclude>
    <ClInclude Include="MaxPool.h">
      <Filter>Header Files</Filter>
    </ClInclude>
    <ClInclude Include="Relu.h">
      <Filter>Header Files</Filter>
    </ClInclude>
    <ClInclude Include="NetworkModel.h">
      <Filter>Header Files</Filter>
    </ClInclude>
    <ClInclude Include="OutputLayer.h">
      <Filter>Header Files</Filter>
    </ClInclude>
    <ClInclude Include="LinearLRScheduler.h">
      <Filter>Header Files</Filter>
    </ClInclude>
    <ClInclude Include="Softmax.h">
      <Filter>Header Files</Filter>
    </ClInclude>
    <ClInclude Include="Sigmoid.h">
      <Filter>Header Files</Filter>
    </ClInclude>
    <ClInclude Include="Tanh.h">
      <Filter>Header Files</Filter>
    </ClInclude>
    <ClInclude Include="LeakyRelu.h">
      <Filter>Header Files</Filter>
    </ClInclude>
    <ClInclude Include="Conv2D.h">
      <Filter>Header Files</Filter>
    </ClInclude>
  </ItemGroup>
</Project>